
Microsoft Visual Studio Solution File, Format Version 12.00
Project("{FAE04EC0-301F-11D3-BF4B-00C04F79EFBC}") = "JsonLogger", "JsonLogger\JsonLogger.csproj", "{B28D26FA-9B6D-49E7-A222-E2DEF01A3391}"
EndProject
Global
	GlobalSection(SolutionConfigurationPlatforms) = preSolution
		Debug|Any CPU = Debug|Any CPU
		Release|Any CPU = Release|Any CPU
	EndGlobalSection
	GlobalSection(ProjectConfigurationPlatforms) = postSolution
		{B28D26FA-9B6D-49E7-A222-E2DEF01A3391}.Debug|Any CPU.ActiveCfg = Debug|Any CPU
		{B28D26FA-9B6D-49E7-A222-E2DEF01A3391}.Debug|Any CPU.Build.0 = Debug|Any CPU
		{B28D26FA-9B6D-49E7-A222-E2DEF01A3391}.Release|Any CPU.ActiveCfg = Release|Any CPU
		{B28D26FA-9B6D-49E7-A222-E2DEF01A3391}.Release|Any CPU.Build.0 = Release|Any CPU
	EndGlobalSection
EndGlobal
